
Microsoft Visual Studio Solution File, Format Version 12.00
# Visual Studio Version 17
VisualStudioVersion = 17.14.36414.22 d17.14
MinimumVisualStudioVersion = 10.0.40219.1
Project("{FAE04EC0-301F-11D3-BF4B-00C04F79EFBC}") = "ABC_Retailers_Part3", "ABC_Retailers_Part3.csproj", "{A2DCCD14-FD92-4EBA-9752-70EB1C71CE81}"
EndProject
Global
	GlobalSection(SolutionConfigurationPlatforms) = preSolution
		Debug|Any CPU = Debug|Any CPU
		Release|Any CPU = Release|Any CPU
	EndGlobalSection
	GlobalSection(ProjectConfigurationPlatforms) = postSolution
		{A2DCCD14-FD92-4EBA-9752-70EB1C71CE81}.Debug|Any CPU.ActiveCfg = Debug|Any CPU
		{A2DCCD14-FD92-4EBA-9752-70EB1C71CE81}.Debug|Any CPU.Build.0 = Debug|Any CPU
		{A2DCCD14-FD92-4EBA-9752-70EB1C71CE81}.Release|Any CPU.ActiveCfg = Release|Any CPU
		{A2DCCD14-FD92-4EBA-9752-70EB1C71CE81}.Release|Any CPU.Build.0 = Release|Any CPU
	EndGlobalSection
	GlobalSection(SolutionProperties) = preSolution
		HideSolutionNode = FALSE
	EndGlobalSection
	GlobalSection(ExtensibilityGlobals) = postSolution
		SolutionGuid = {0B019B75-5900-4F52-8EA5-93AE106B2BCD}
	EndGlobalSection
EndGlobal
